// !$*UTF8*$!
{
	archiveVersion = 1;
	classes = {
	};
	objectVersion = 56;
	objects = {

/* Begin PBXBuildFile section */
		8E2A6874299635B7001E062D /* NewPlaceViewController.swift in Sources */ = {isa = PBXBuildFile; fileRef = 8E2A6873299635B7001E062D /* NewPlaceViewController.swift */; };
		8E2A687729968C3B001E062D /* Realm in Frameworks */ = {isa = PBXBuildFile; productRef = 8E2A687629968C3B001E062D /* Realm */; };
		8E2A687929968C3B001E062D /* RealmSwift in Frameworks */ = {isa = PBXBuildFile; productRef = 8E2A687829968C3B001E062D /* RealmSwift */; };
		8E2A687B2996907D001E062D /* storageManager.swift in Sources */ = {isa = PBXBuildFile; fileRef = 8E2A687A2996907D001E062D /* storageManager.swift */; };
		8E8D083729954E2900C5C497 /* Main.storyboard in Resources */ = {isa = PBXBuildFile; fileRef = 8EA9C3572993AB740064C08F /* Main.storyboard */; };
		8E8D08392995521900C5C497 /* PlaceModel.swift in Sources */ = {isa = PBXBuildFile; fileRef = 8E8D08382995521900C5C497 /* PlaceModel.swift */; };
		8E90924429BE12D100AB3F5B /* Cosmos in Frameworks */ = {isa = PBXBuildFile; productRef = 8E90924329BE12D100AB3F5B /* Cosmos */; };
		8EA9C3522993AB740064C08F /* AppDelegate.swift in Sources */ = {isa = PBXBuildFile; fileRef = 8EA9C3512993AB740064C08F /* AppDelegate.swift */; };
		8EA9C3542993AB740064C08F /* SceneDelegate.swift in Sources */ = {isa = PBXBuildFile; fileRef = 8EA9C3532993AB740064C08F /* SceneDelegate.swift */; };
		8EA9C35B2993AB750064C08F /* Assets.xcassets in Resources */ = {isa = PBXBuildFile; fileRef = 8EA9C35A2993AB750064C08F /* Assets.xcassets */; };
		8EA9C35E2993AB750064C08F /* LaunchScreen.storyboard in Resources */ = {isa = PBXBuildFile; fileRef = 8EA9C35C2993AB750064C08F /* LaunchScreen.storyboard */; };
		8EA9C36D29954A100064C08F /* MainViewController.swift in Sources */ = {isa = PBXBuildFile; fileRef = 8EA9C3652993AE080064C08F /* MainViewController.swift */; };
		8EA9C36E29954A220064C08F /* CustomTableViewCell.swift in Sources */ = {isa = PBXBuildFile; fileRef = 8EA9C3692995459A0064C08F /* CustomTableViewCell.swift */; };
		8EBC91D729BC9993007740EB /* RatingControl.swift in Sources */ = {isa = PBXBuildFile; fileRef = 8EBC91D629BC9993007740EB /* RatingControl.swift */; };
/* End PBXBuildFile section */

/* Begin PBXFileReference section */
		8E2A6873299635B7001E062D /* NewPlaceViewController.swift */ = {isa = PBXFileReference; lastKnownFileType = sourcecode.swift; path = NewPlaceViewController.swift; sourceTree = "<group>"; };
		8E2A687A2996907D001E062D /* storageManager.swift */ = {isa = PBXFileReference; lastKnownFileType = sourcecode.swift; path = storageManager.swift; sourceTree = "<group>"; };
		8E8D08382995521900C5C497 /* PlaceModel.swift */ = {isa = PBXFileReference; lastKnownFileType = sourcecode.swift; path = PlaceModel.swift; sourceTree = "<group>"; };
		8EA9C34E2993AB740064C08F /* tableViewApp.app */ = {isa = PBXFileReference; explicitFileType = wrapper.application; includeInIndex = 0; path = tableViewApp.app; sourceTree = BUILT_PRODUCTS_DIR; };
		8EA9C3512993AB740064C08F /* AppDelegate.swift */ = {isa = PBXFileReference; lastKnownFileType = sourcecode.swift; path = AppDelegate.swift; sourceTree = "<group>"; };
		8EA9C3532993AB740064C08F /* SceneDelegate.swift */ = {isa = PBXFileReference; lastKnownFileType = sourcecode.swift; path = SceneDelegate.swift; sourceTree = "<group>"; };
		8EA9C3582993AB740064C08F /* Base */ = {isa = PBXFileReference; lastKnownFileType = file.storyboard; name = Base; path = Base.lproj/Main.storyboard; sourceTree = "<group>"; };
		8EA9C35A2993AB750064C08F /* Assets.xcassets */ = {isa = PBXFileReference; lastKnownFileType = folder.assetcatalog; path = Assets.xcassets; sourceTree = "<group>"; };
		8EA9C35D2993AB750064C08F /* Base */ = {isa = PBXFileReference; lastKnownFileType = file.storyboard; name = Base; path = Base.lproj/LaunchScreen.storyboard; sourceTree = "<group>"; };
		8EA9C35F2993AB750064C08F /* Info.plist */ = {isa = PBXFileReference; lastKnownFileType = text.plist.xml; path = Info.plist; sourceTree = "<group>"; };
		8EA9C3652993AE080064C08F /* MainViewController.swift */ = {isa = PBXFileReference; lastKnownFileType = sourcecode.swift; path = MainViewController.swift; sourceTree = "<group>"; };
		8EA9C3692995459A0064C08F /* CustomTableViewCell.swift */ = {isa = PBXFileReference; lastKnownFileType = sourcecode.swift; path = CustomTableViewCell.swift; sourceTree = "<group>"; };
		8EBC91D629BC9993007740EB /* RatingControl.swift */ = {isa = PBXFileReference; lastKnownFileType = sourcecode.swift; path = RatingControl.swift; sourceTree = "<group>"; };
/* End PBXFileReference section */

/* Begin PBXFrameworksBuildPhase section */
		8EA9C34B2993AB740064C08F /* Frameworks */ = {
			isa = PBXFrameworksBuildPhase;
			buildActionMask = 2147483647;
			files = (
				8E90924429BE12D100AB3F5B /* Cosmos in Frameworks */,
				8E2A687929968C3B001E062D /* RealmSwift in Frameworks */,
				8E2A687729968C3B001E062D /* Realm in Frameworks */,
			);
			runOnlyForDeploymentPostprocessing = 0;
		};
/* End PBXFrameworksBuildPhase section */

/* Begin PBXGroup section */
		8E1EBBA229B6381900AF1A1F /* Model */ = {
			isa = PBXGroup;
			children = (
				8E8D08382995521900C5C497 /* PlaceModel.swift */,
				8E2A687A2996907D001E062D /* storageManager.swift */,
			);
			path = Model;
			sourceTree = "<group>";
		};
		8E1EBBA329B6382900AF1A1F /* VC */ = {
			isa = PBXGroup;
			children = (
				8E2A6873299635B7001E062D /* NewPlaceViewController.swift */,
				8EA9C3652993AE080064C08F /* MainViewController.swift */,
				8EA9C3692995459A0064C08F /* CustomTableViewCell.swift */,
				8EBC91D629BC9993007740EB /* RatingControl.swift */,
			);
			path = VC;
			sourceTree = "<group>";
		};
		8E1EBBA429B6383D00AF1A1F /* Sups */ = {
			isa = PBXGroup;
			children = (
				8EA9C35F2993AB750064C08F /* Info.plist */,
				8EA9C35A2993AB750064C08F /* Assets.xcassets */,
				8EA9C3512993AB740064C08F /* AppDelegate.swift */,
				8EA9C3532993AB740064C08F /* SceneDelegate.swift */,
			);
			path = Sups;
			sourceTree = "<group>";
		};
		8EA9C3452993AB740064C08F = {
			isa = PBXGroup;
			children = (
				8EA9C3502993AB740064C08F /* tableViewApp */,
				8EA9C34F2993AB740064C08F /* Products */,
			);
			sourceTree = "<group>";
		};
		8EA9C34F2993AB740064C08F /* Products */ = {
			isa = PBXGroup;
			children = (
				8EA9C34E2993AB740064C08F /* tableViewApp.app */,
			);
			name = Products;
			sourceTree = "<group>";
		};
		8EA9C3502993AB740064C08F /* tableViewApp */ = {
			isa = PBXGroup;
			children = (
				8ECCC46929B64FDA000BC846 /* SB */,
				8E1EBBA329B6382900AF1A1F /* VC */,
				8E1EBBA229B6381900AF1A1F /* Model */,
				8E1EBBA429B6383D00AF1A1F /* Sups */,
			);
			path = tableViewApp;
			sourceTree = "<group>";
		};
		8ECCC46929B64FDA000BC846 /* SB */ = {
			isa = PBXGroup;
			children = (
				8EA9C3572993AB740064C08F /* Main.storyboard */,
				8EA9C35C2993AB750064C08F /* LaunchScreen.storyboard */,
			);
			path = SB;
			sourceTree = "<group>";
		};
/* End PBXGroup section */

/* Begin PBXNativeTarget section */
		8EA9C34D2993AB740064C08F /* tableViewApp */ = {
			isa = PBXNativeTarget;
			buildConfigurationList = 8EA9C3622993AB750064C08F /* Build configuration list for PBXNativeTarget "tableViewApp" */;
			buildPhases = (
				8EA9C34A2993AB740064C08F /* Sources */,
				8EA9C34B2993AB740064C08F /* Frameworks */,
				8EA9C34C2993AB740064C08F /* Resources */,
			);
			buildRules = (
			);
			dependencies = (
			);
			name = tableViewApp;
			packageProductDependencies = (
				8E2A687629968C3B001E062D /* Realm */,
				8E2A687829968C3B001E062D /* RealmSwift */,
				8E90924329BE12D100AB3F5B /* Cosmos */,
			);
			productName = tableViewApp;
			productReference = 8EA9C34E2993AB740064C08F /* tableViewApp.app */;
			productType = "com.apple.product-type.application";
		};
/* End PBXNativeTarget section */

/* Begin PBXProject section */
		8EA9C3462993AB740064C08F /* Project object */ = {
			isa = PBXProject;
			attributes = {
				BuildIndependentTargetsInParallel = 1;
				LastSwiftUpdateCheck = 1420;
				LastUpgradeCheck = 1420;
				TargetAttributes = {
					8EA9C34D2993AB740064C08F = {
						CreatedOnToolsVersion = 14.2;
					};
				};
			};
			buildConfigurationList = 8EA9C3492993AB740064C08F /* Build configuration list for PBXProject "tableViewApp" */;
			compatibilityVersion = "Xcode 14.0";
			developmentRegion = en;
			hasScannedForEncodings = 0;
			knownRegions = (
				en,
				Base,
			);
			mainGroup = 8EA9C3452993AB740064C08F;
			packageReferences = (
				8E2A687529968C3B001E062D /* XCRemoteSwiftPackageReference "realm-swift" */,
				8E90924229BE12D100AB3F5B /* XCRemoteSwiftPackageReference "Cosmos" */,
			);
			productRefGroup = 8EA9C34F2993AB740064C08F /* Products */;
			projectDirPath = "";
			projectRoot = "";
			targets = (
				8EA9C34D2993AB740064C08F /* tableViewApp */,
			);
		};
/* End PBXProject section */

/* Begin PBXResourcesBuildPhase section */
		8EA9C34C2993AB740064C08F /* Resources */ = {
			isa = PBXResourcesBuildPhase;
			buildActionMask = 2147483647;
			files = (
				8E8D083729954E2900C5C497 /* Main.storyboard in Resources */,
				8EA9C35E2993AB750064C08F /* LaunchScreen.storyboard in Resources */,
				8EA9C35B2993AB750064C08F /* Assets.xcassets in Resources */,
			);
			runOnlyForDeploymentPostprocessing = 0;
		};
/* End PBXResourcesBuildPhase section */

/* Begin PBXSourcesBuildPhase section */
		8EA9C34A2993AB740064C08F /* Sources */ = {
			isa = PBXSourcesBuildPhase;
			buildActionMask = 2147483647;
			files = (
				8EA9C3522993AB740064C08F /* AppDelegate.swift in Sources */,
				8E2A6874299635B7001E062D /* NewPlaceViewController.swift in Sources */,
				8EA9C3542993AB740064C08F /* SceneDelegate.swift in Sources */,
				8E8D08392995521900C5C497 /* PlaceModel.swift in Sources */,
				8EBC91D729BC9993007740EB /* RatingControl.swift in Sources */,
				8EA9C36E29954A220064C08F /* CustomTableViewCell.swift in Sources */,
				8EA9C36D29954A100064C08F /* MainViewController.swift in Sources */,
				8E2A687B2996907D001E062D /* storageManager.swift in Sources */,
			);
			runOnlyForDeploymentPostprocessing = 0;
		};
/* End PBXSourcesBuildPhase section */

/* Begin PBXVariantGroup section */
		8EA9C3572993AB740064C08F /* Main.storyboard */ = {
			isa = PBXVariantGroup;
			children = (
				8EA9C3582993AB740064C08F /* Base */,
			);
			name = Main.storyboard;
			sourceTree = "<group>";
		};
		8EA9C35C2993AB750064C08F /* LaunchScreen.storyboard */ = {
			isa = PBXVariantGroup;
			children = (
				8EA9C35D2993AB750064C08F /* Base */,
			);
			name = LaunchScreen.storyboard;
			sourceTree = "<group>";
		};
/* End PBXVariantGroup section */

/* Begin XCBuildConfiguration section */
		8EA9C3602993AB750064C08F /* Debug */ = {
			isa = XCBuildConfiguration;
			buildSettings = {
				ALWAYS_SEARCH_USER_PATHS = NO;
				CLANG_ANALYZER_NONNULL = YES;
				CLANG_ANALYZER_NUMBER_OBJECT_CONVERSION = YES_AGGRESSIVE;
				CLANG_CXX_LANGUAGE_STANDARD = "gnu++20";
				CLANG_ENABLE_MODULES = YES;
				CLANG_ENABLE_OBJC_ARC = YES;
				CLANG_ENABLE_OBJC_WEAK = YES;
				CLANG_WARN_BLOCK_CAPTURE_AUTORELEASING = YES;
				CLANG_WARN_BOOL_CONVERSION = YES;
				CLANG_WARN_COMMA = YES;
				CLANG_WARN_CONSTANT_CONVERSION = YES;
				CLANG_WARN_DEPRECATED_OBJC_IMPLEMENTATIONS = YES;
				CLANG_WARN_DIRECT_OBJC_ISA_USAGE = YES_ERROR;
				CLANG_WARN_DOCUMENTATION_COMMENTS = YES;
				CLANG_WARN_EMPTY_BODY = YES;
				CLANG_WARN_ENUM_CONVERSION = YES;
				CLANG_WARN_INFINITE_RECURSION = YES;
				CLANG_WARN_INT_CONVERSION = YES;
				CLANG_WARN_NON_LITERAL_NULL_CONVERSION = YES;
				CLANG_WARN_OBJC_IMPLICIT_RETAIN_SELF = YES;
				CLANG_WARN_OBJC_LITERAL_CONVERSION = YES;
				CLANG_WARN_OBJC_ROOT_CLASS = YES_ERROR;
				CLANG_WARN_QUOTED_INCLUDE_IN_FRAMEWORK_HEADER = YES;
				CLANG_WARN_RANGE_LOOP_ANALYSIS = YES;
				CLANG_WARN_STRICT_PROTOTYPES = YES;
				CLANG_WARN_SUSPICIOUS_MOVE = YES;
				CLANG_WARN_UNGUARDED_AVAILABILITY = YES_AGGRESSIVE;
				CLANG_WARN_UNREACHABLE_CODE = YES;
				CLANG_WARN__DUPLICATE_METHOD_MATCH = YES;
				COPY_PHASE_STRIP = NO;
				DEBUG_INFORMATION_FORMAT = dwarf;
				ENABLE_STRICT_OBJC_MSGSEND = YES;
				ENABLE_TESTABILITY = YES;
				GCC_C_LANGUAGE_STANDARD = gnu11;
				GCC_DYNAMIC_NO_PIC = NO;
				GCC_NO_COMMON_BLOCKS = YES;
				GCC_OPTIMIZATION_LEVEL = 0;
				GCC_PREPROCESSOR_DEFINITIONS = (
					"DEBUG=1",
					"$(inherited)",
				);
				GCC_WARN_64_TO_32_BIT_CONVERSION = YES;
				GCC_WARN_ABOUT_RETURN_TYPE = YES_ERROR;
				GCC_WARN_UNDECLARED_SELECTOR = YES;
				GCC_WARN_UNINITIALIZED_AUTOS = YES_AGGRESSIVE;
				GCC_WARN_UNUSED_FUNCTION = YES;
				GCC_WARN_UNUSED_VARIABLE = YES;
				IPHONEOS_DEPLOYMENT_TARGET = 16.2;
				MTL_ENABLE_DEBUG_INFO = INCLUDE_SOURCE;
				MTL_FAST_MATH = YES;
				ONLY_ACTIVE_ARCH = YES;
				SDKROOT = iphoneos;
				SWIFT_ACTIVE_COMPILATION_CONDITIONS = DEBUG;
				SWIFT_OPTIMIZATION_LEVEL = "-Onone";
			};
			name = Debug;
		};
		8EA9C3612993AB750064C08F /* Release */ = {
			isa = XCBuildConfiguration;
			buildSettings = {
				ALWAYS_SEARCH_USER_PATHS = NO;
				CLANG_ANALYZER_NONNULL = YES;
				CLANG_ANALYZER_NUMBER_OBJECT_CONVERSION = YES_AGGRESSIVE;
				CLANG_CXX_LANGUAGE_STANDARD = "gnu++20";
				CLANG_ENABLE_MODULES = YES;
				CLANG_ENABLE_OBJC_ARC = YES;
				CLANG_ENABLE_OBJC_WEAK = YES;
				CLANG_WARN_BLOCK_CAPTURE_AUTORELEASING = YES;
				CLANG_WARN_BOOL_CONVERSION = YES;
				CLANG_WARN_COMMA = YES;
				CLANG_WARN_CONSTANT_CONVERSION = YES;
				CLANG_WARN_DEPRECATED_OBJC_IMPLEMENTATIONS = YES;
				CLANG_WARN_DIRECT_OBJC_ISA_USAGE = YES_ERROR;
				CLANG_WARN_DOCUMENTATION_COMMENTS = YES;
				CLANG_WARN_EMPTY_BODY = YES;
				CLANG_WARN_ENUM_CONVERSION = YES;
				CLANG_WARN_INFINITE_RECURSION = YES;
				CLANG_WARN_INT_CONVERSION = YES;
				CLANG_WARN_NON_LITERAL_NULL_CONVERSION = YES;
				CLANG_WARN_OBJC_IMPLICIT_RETAIN_SELF = YES;
				CLANG_WARN_OBJC_LITERAL_CONVERSION = YES;
				CLANG_WARN_OBJC_ROOT_CLASS = YES_ERROR;
				CLANG_WARN_QUOTED_INCLUDE_IN_FRAMEWORK_HEADER = YES;
				CLANG_WARN_RANGE_LOOP_ANALYSIS = YES;
				CLANG_WARN_STRICT_PROTOTYPES = YES;
				CLANG_WARN_SUSPICIOUS_MOVE = YES;
				CLANG_WARN_UNGUARDED_AVAILABILITY = YES_AGGRESSIVE;
				CLANG_WARN_UNREACHABLE_CODE = YES;
				CLANG_WARN__DUPLICATE_METHOD_MATCH = YES;
				COPY_PHASE_STRIP = NO;
				DEBUG_INFORMATION_FORMAT = "dwarf-with-dsym";
				ENABLE_NS_ASSERTIONS = NO;
				ENABLE_STRICT_OBJC_MSGSEND = YES;
				GCC_C_LANGUAGE_STANDARD = gnu11;
				GCC_NO_COMMON_BLOCKS = YES;
				GCC_WARN_64_TO_32_BIT_CONVERSION = YES;
				GCC_WARN_ABOUT_RETURN_TYPE = YES_ERROR;
				GCC_WARN_UNDECLARED_SELECTOR = YES;
				GCC_WARN_UNINITIALIZED_AUTOS = YES_AGGRESSIVE;
				GCC_WARN_UNUSED_FUNCTION = YES;
				GCC_WARN_UNUSED_VARIABLE = YES;
				IPHONEOS_DEPLOYMENT_TARGET = 16.2;
				MTL_ENABLE_DEBUG_INFO = NO;
				MTL_FAST_MATH = YES;
				SDKROOT = iphoneos;
				SWIFT_COMPILATION_MODE = wholemodule;
				SWIFT_OPTIMIZATION_LEVEL = "-O";
				VALIDATE_PRODUCT = YES;
			};
			name = Release;
		};
		8EA9C3632993AB750064C08F /* Debug */ = {
			isa = XCBuildConfiguration;
			buildSettings = {
				ASSETCATALOG_COMPILER_APPICON_NAME = AppIcon;
				ASSETCATALOG_COMPILER_GLOBAL_ACCENT_COLOR_NAME = AccentColor;
				CODE_SIGN_STYLE = Automatic;
				CURRENT_PROJECT_VERSION = 1;
				GENERATE_INFOPLIST_FILE = YES;
				INFOPLIST_FILE = tableViewApp/Sups/Info.plist;
				INFOPLIST_KEY_UIApplicationSupportsIndirectInputEvents = YES;
				INFOPLIST_KEY_UILaunchStoryboardName = LaunchScreen;
				INFOPLIST_KEY_UIMainStoryboardFile = Main;
				INFOPLIST_KEY_UISupportedInterfaceOrientations_iPad = "UIInterfaceOrientationPortrait UIInterfaceOrientationPortraitUpsideDown UIInterfaceOrientationLandscapeLeft UIInterfaceOrientationLandscapeRight";
				INFOPLIST_KEY_UISupportedInterfaceOrientations_iPhone = "UIInterfaceOrientationPortrait UIInterfaceOrientationLandscapeLeft UIInterfaceOrientationLandscapeRight";
				LD_RUNPATH_SEARCH_PATHS = (
					"$(inherited)",
					"@executable_path/Frameworks",
				);
				MARKETING_VERSION = 1.0;
				PRODUCT_BUNDLE_IDENTIFIER = R.tableViewApp;
				PRODUCT_NAME = "$(TARGET_NAME)";
				SUPPORTED_PLATFORMS = "iphoneos iphonesimulator";
				SUPPORTS_MACCATALYST = NO;
				SUPPORTS_MAC_DESIGNED_FOR_IPHONE_IPAD = NO;
				SWIFT_EMIT_LOC_STRINGS = YES;
				SWIFT_VERSION = 5.0;
				TARGETED_DEVICE_FAMILY = 1;
			};
			name = Debug;
		};
		8EA9C3642993AB750064C08F /* Release */ = {
			isa = XCBuildConfiguration;
			buildSettings = {
				ASSETCATALOG_COMPILER_APPICON_NAME = AppIcon;
				ASSETCATALOG_COMPILER_GLOBAL_ACCENT_COLOR_NAME = AccentColor;
				CODE_SIGN_STYLE = Automatic;
				CURRENT_PROJECT_VERSION = 1;
				GENERATE_INFOPLIST_FILE = YES;
				INFOPLIST_FILE = tableViewApp/Sups/Info.plist;
				INFOPLIST_KEY_UIApplicationSupportsIndirectInputEvents = YES;
				INFOPLIST_KEY_UILaunchStoryboardName = LaunchScreen;
				INFOPLIST_KEY_UIMainStoryboardFile = Main;
				INFOPLIST_KEY_UISupportedInterfaceOrientations_iPad = "UIInterfaceOrientationPortrait UIInterfaceOrientationPortraitUpsideDown UIInterfaceOrientationLandscapeLeft UIInterfaceOrientationLandscapeRight";
				INFOPLIST_KEY_UISupportedInterfaceOrientations_iPhone = "UIInterfaceOrientationPortrait UIInterfaceOrientationLandscapeLeft UIInterfaceOrientationLandscapeRight";
				LD_RUNPATH_SEARCH_PATHS = (
					"$(inherited)",
					"@executable_path/Frameworks",
				);
				MARKETING_VERSION = 1.0;
				PRODUCT_BUNDLE_IDENTIFIER = R.tableViewApp;
				PRODUCT_NAME = "$(TARGET_NAME)";
				SUPPORTED_PLATFORMS = "iphoneos iphonesimulator";
				SUPPORTS_MACCATALYST = NO;
				SUPPORTS_MAC_DESIGNED_FOR_IPHONE_IPAD = NO;
				SWIFT_EMIT_LOC_STRINGS = YES;
				SWIFT_VERSION = 5.0;
				TARGETED_DEVICE_FAMILY = 1;
			};
			name = Release;
		};
/* End XCBuildConfiguration section */

/* Begin XCConfigurationList section */
		8EA9C3492993AB740064C08F /* Build configuration list for PBXProject "tableViewApp" */ = {
			isa = XCConfigurationList;
			buildConfigurations = (
				8EA9C3602993AB750064C08F /* Debug */,
				8EA9C3612993AB750064C08F /* Release */,
			);
			defaultConfigurationIsVisible = 0;
			defaultConfigurationName = Release;
		};
		8EA9C3622993AB750064C08F /* Build configuration list for PBXNativeTarget "tableViewApp" */ = {
			isa = XCConfigurationList;
			buildConfigurations = (
				8EA9C3632993AB750064C08F /* Debug */,
				8EA9C3642993AB750064C08F /* Release */,
			);
			defaultConfigurationIsVisible = 0;
			defaultConfigurationName = Release;
		};
/* End XCConfigurationList section */

/* Begin XCRemoteSwiftPackageReference section */
		8E2A687529968C3B001E062D /* XCRemoteSwiftPackageReference "realm-swift" */ = {
			isa = XCRemoteSwiftPackageReference;
			repositoryURL = "https://github.com/realm/realm-swift.git";
			requirement = {
				kind = upToNextMajorVersion;
				minimumVersion = 10.35.0;
			};
		};
		8E90924229BE12D100AB3F5B /* XCRemoteSwiftPackageReference "Cosmos" */ = {
			isa = XCRemoteSwiftPackageReference;
			repositoryURL = "https://github.com/evgenyneu/Cosmos.git";
			requirement = {
				branch = master;
				kind = branch;
			};
		};
/* End XCRemoteSwiftPackageReference section */

/* Begin XCSwiftPackageProductDependency section */
		8E2A687629968C3B001E062D /* Realm */ = {
			isa = XCSwiftPackageProductDependency;
			package = 8E2A687529968C3B001E062D /* XCRemoteSwiftPackageReference "realm-swift" */;
			productName = Realm;
		};
		8E2A687829968C3B001E062D /* RealmSwift */ = {
			isa = XCSwiftPackageProductDependency;
			package = 8E2A687529968C3B001E062D /* XCRemoteSwiftPackageReference "realm-swift" */;
			productName = RealmSwift;
		};
		8E90924329BE12D100AB3F5B /* Cosmos */ = {
			isa = XCSwiftPackageProductDependency;
			package = 8E90924229BE12D100AB3F5B /* XCRemoteSwiftPackageReference "Cosmos" */;
			productName = Cosmos;
		};
/* End XCSwiftPackageProductDependency section */
	};
	rootObject = 8EA9C3462993AB740064C08F /* Project object */;
}
